// !$*UTF8*$!
{
	archiveVersion = 1;
	classes = {
	};
	objectVersion = 50;
	objects = {

/* Begin PBXBuildFile section */
		AF3985F021E3A240002C771A /* filters.cpp in Sources */ = {isa = PBXBuildFile; fileRef = AF3985EE21E3A240002C771A /* filters.cpp */; };
		AF8ADFC921666E1900D959BF /* double_db.cpp in Sources */ = {isa = PBXBuildFile; fileRef = AF8ADFBA21666E1800D959BF /* double_db.cpp */; };
		AF8ADFCA21666E1900D959BF /* read_data.cpp in Sources */ = {isa = PBXBuildFile; fileRef = AF8ADFBB21666E1800D959BF /* read_data.cpp */; };
		AF8ADFCB21666E1900D959BF /* dictionary.cpp in Sources */ = {isa = PBXBuildFile; fileRef = AF8ADFBD21666E1800D959BF /* dictionary.cpp */; };
		AF8ADFCC21666E1900D959BF /* single_db.cpp in Sources */ = {isa = PBXBuildFile; fileRef = AF8ADFBE21666E1800D959BF /* single_db.cpp */; };
		AF8ADFCD21666E1900D959BF /* util.cpp in Sources */ = {isa = PBXBuildFile; fileRef = AF8ADFBF21666E1800D959BF /* util.cpp */; };
		AF8ADFCF21666E1900D959BF /* RAT_solution_check.cpp in Sources */ = {isa = PBXBuildFile; fileRef = AF8ADFC421666E1900D959BF /* RAT_solution_check.cpp */; };
		AF8ADFD021666E1900D959BF /* main.cpp in Sources */ = {isa = PBXBuildFile; fileRef = AF8ADFC721666E1900D959BF /* main.cpp */; };
		AF8ADFD121666E1900D959BF /* collocation_compound.cpp in Sources */ = {isa = PBXBuildFile; fileRef = AF8ADFC821666E1900D959BF /* collocation_compound.cpp */; };
/* End PBXBuildFile section */

/* Begin PBXCopyFilesBuildPhase section */
		AF8ADFAB21666DE200D959BF /* CopyFiles */ = {
			isa = PBXCopyFilesBuildPhase;
			buildActionMask = 2147483647;
			dstPath = /usr/share/man/man1/;
			dstSubfolderSpec = 0;
			files = (
			);
			runOnlyForDeploymentPostprocessing = 1;
		};
/* End PBXCopyFilesBuildPhase section */

/* Begin PBXFileReference section */
		AF3985ED21E39F67002C771A /* smem */ = {isa = PBXFileReference; explicitFileType = "compiled.mach-o.executable"; includeInIndex = 0; path = smem; sourceTree = BUILT_PRODUCTS_DIR; };
		AF3985EE21E3A240002C771A /* filters.cpp */ = {isa = PBXFileReference; lastKnownFileType = sourcecode.cpp.cpp; path = filters.cpp; sourceTree = "<group>"; };
		AF3985EF21E3A240002C771A /* filters.h */ = {isa = PBXFileReference; lastKnownFileType = sourcecode.c.h; path = filters.h; sourceTree = "<group>"; };
		AF8ADFB821666E1800D959BF /* read_data.h */ = {isa = PBXFileReference; fileEncoding = 4; lastKnownFileType = sourcecode.c.h; path = read_data.h; sourceTree = "<group>"; };
		AF8ADFB921666E1800D959BF /* single_db.h */ = {isa = PBXFileReference; fileEncoding = 4; lastKnownFileType = sourcecode.c.h; path = single_db.h; sourceTree = "<group>"; };
		AF8ADFBA21666E1800D959BF /* double_db.cpp */ = {isa = PBXFileReference; fileEncoding = 4; lastKnownFileType = sourcecode.cpp.cpp; path = double_db.cpp; sourceTree = "<group>"; };
		AF8ADFBB21666E1800D959BF /* read_data.cpp */ = {isa = PBXFileReference; fileEncoding = 4; lastKnownFileType = sourcecode.cpp.cpp; path = read_data.cpp; sourceTree = "<group>"; };
		AF8ADFBC21666E1800D959BF /* util.h */ = {isa = PBXFileReference; fileEncoding = 4; lastKnownFileType = sourcecode.c.h; path = util.h; sourceTree = "<group>"; };
		AF8ADFBD21666E1800D959BF /* dictionary.cpp */ = {isa = PBXFileReference; fileEncoding = 4; lastKnownFileType = sourcecode.cpp.cpp; path = dictionary.cpp; sourceTree = "<group>"; };
		AF8ADFBE21666E1800D959BF /* single_db.cpp */ = {isa = PBXFileReference; fileEncoding = 4; lastKnownFileType = sourcecode.cpp.cpp; path = single_db.cpp; sourceTree = "<group>"; };
		AF8ADFBF21666E1800D959BF /* util.cpp */ = {isa = PBXFileReference; fileEncoding = 4; lastKnownFileType = sourcecode.cpp.cpp; path = util.cpp; sourceTree = "<group>"; };
		AF8ADFC021666E1800D959BF /* create_collocates_list.cpp */ = {isa = PBXFileReference; fileEncoding = 4; lastKnownFileType = sourcecode.cpp.cpp; path = create_collocates_list.cpp; sourceTree = "<group>"; };
		AF8ADFC121666E1800D959BF /* double_db.h */ = {isa = PBXFileReference; fileEncoding = 4; lastKnownFileType = sourcecode.c.h; path = double_db.h; sourceTree = "<group>"; };
		AF8ADFC221666E1900D959BF /* dictionary.h */ = {isa = PBXFileReference; fileEncoding = 4; lastKnownFileType = sourcecode.c.h; path = dictionary.h; sourceTree = "<group>"; };
		AF8ADFC321666E1900D959BF /* collocation_compound.h */ = {isa = PBXFileReference; fileEncoding = 4; lastKnownFileType = sourcecode.c.h; path = collocation_compound.h; sourceTree = "<group>"; };
		AF8ADFC421666E1900D959BF /* RAT_solution_check.cpp */ = {isa = PBXFileReference; fileEncoding = 4; lastKnownFileType = sourcecode.cpp.cpp; path = RAT_solution_check.cpp; sourceTree = "<group>"; };
		AF8ADFC521666E1900D959BF /* RAT_solution_check.h */ = {isa = PBXFileReference; fileEncoding = 4; lastKnownFileType = sourcecode.c.h; path = RAT_solution_check.h; sourceTree = "<group>"; };
		AF8ADFC621666E1900D959BF /* README.md */ = {isa = PBXFileReference; fileEncoding = 4; lastKnownFileType = net.daringfireball.markdown; path = README.md; sourceTree = "<group>"; };
		AF8ADFC721666E1900D959BF /* main.cpp */ = {isa = PBXFileReference; fileEncoding = 4; lastKnownFileType = sourcecode.cpp.cpp; path = main.cpp; sourceTree = "<group>"; };
		AF8ADFC821666E1900D959BF /* collocation_compound.cpp */ = {isa = PBXFileReference; fileEncoding = 4; lastKnownFileType = sourcecode.cpp.cpp; path = collocation_compound.cpp; sourceTree = "<group>"; };
/* End PBXFileReference section */

/* Begin PBXFrameworksBuildPhase section */
		AF8ADFAA21666DE200D959BF /* Frameworks */ = {
			isa = PBXFrameworksBuildPhase;
			buildActionMask = 2147483647;
			files = (
			);
			runOnlyForDeploymentPostprocessing = 0;
		};
/* End PBXFrameworksBuildPhase section */

/* Begin PBXGroup section */
		AF8ADFA421666DE200D959BF = {
			isa = PBXGroup;
			children = (
				AF8ADFC821666E1900D959BF /* collocation_compound.cpp */,
				AF8ADFC321666E1900D959BF /* collocation_compound.h */,
				AF8ADFC021666E1800D959BF /* create_collocates_list.cpp */,
				AF8ADFBD21666E1800D959BF /* dictionary.cpp */,
				AF8ADFC221666E1900D959BF /* dictionary.h */,
				AF8ADFBA21666E1800D959BF /* double_db.cpp */,
				AF8ADFC121666E1800D959BF /* double_db.h */,
				AF8ADFC721666E1900D959BF /* main.cpp */,
				AF8ADFC421666E1900D959BF /* RAT_solution_check.cpp */,
				AF8ADFC521666E1900D959BF /* RAT_solution_check.h */,
				AF8ADFBB21666E1800D959BF /* read_data.cpp */,
				AF8ADFB821666E1800D959BF /* read_data.h */,
				AF8ADFC621666E1900D959BF /* README.md */,
				AF8ADFBE21666E1800D959BF /* single_db.cpp */,
				AF3985EE21E3A240002C771A /* filters.cpp */,
				AF3985EF21E3A240002C771A /* filters.h */,
				AF8ADFB921666E1800D959BF /* single_db.h */,
				AF8ADFBF21666E1800D959BF /* util.cpp */,
				AF8ADFBC21666E1800D959BF /* util.h */,
				AF3985ED21E39F67002C771A /* smem */,
			);
			sourceTree = "<group>";
		};
/* End PBXGroup section */

/* Begin PBXNativeTarget section */
		AF8ADFAC21666DE200D959BF /* smem */ = {
			isa = PBXNativeTarget;
			buildConfigurationList = AF8ADFB421666DE300D959BF /* Build configuration list for PBXNativeTarget "smem" */;
			buildPhases = (
				AF8ADFA921666DE200D959BF /* Sources */,
				AF8ADFAA21666DE200D959BF /* Frameworks */,
				AF8ADFAB21666DE200D959BF /* CopyFiles */,
			);
			buildRules = (
			);
			dependencies = (
			);
			name = smem;
			productName = smem;
			productReference = AF3985ED21E39F67002C771A /* smem */;
			productType = "com.apple.product-type.tool";
		};
/* End PBXNativeTarget section */

/* Begin PBXProject section */
		AF8ADFA521666DE200D959BF /* Project object */ = {
			isa = PBXProject;
			attributes = {
				LastUpgradeCheck = 0940;
				ORGANIZATIONNAME = "Jule Schatz";
				TargetAttributes = {
					AF8ADFAC21666DE200D959BF = {
						CreatedOnToolsVersion = 9.4.1;
					};
				};
			};
			buildConfigurationList = AF8ADFA821666DE200D959BF /* Build configuration list for PBXProject "smem" */;
			compatibilityVersion = "Xcode 9.3";
			developmentRegion = en;
			hasScannedForEncodings = 0;
			knownRegions = (
				en,
			);
			mainGroup = AF8ADFA421666DE200D959BF;
			productRefGroup = AF8ADFA421666DE200D959BF;
			projectDirPath = "";
			projectRoot = "";
			targets = (
				AF8ADFAC21666DE200D959BF /* smem */,
			);
		};
/* End PBXProject section */

/* Begin PBXSourcesBuildPhase section */
		AF8ADFA921666DE200D959BF /* Sources */ = {
			isa = PBXSourcesBuildPhase;
			buildActionMask = 2147483647;
			files = (
				AF8ADFC921666E1900D959BF /* double_db.cpp in Sources */,
				AF8ADFD121666E1900D959BF /* collocation_compound.cpp in Sources */,
				AF8ADFCC21666E1900D959BF /* single_db.cpp in Sources */,
				AF3985F021E3A240002C771A /* filters.cpp in Sources */,
				AF8ADFCB21666E1900D959BF /* dictionary.cpp in Sources */,
				AF8ADFCD21666E1900D959BF /* util.cpp in Sources */,
				AF8ADFCA21666E1900D959BF /* read_data.cpp in Sources */,
				AF8ADFD021666E1900D959BF /* main.cpp in Sources */,
				AF8ADFCF21666E1900D959BF /* RAT_solution_check.cpp in Sources */,
			);
			runOnlyForDeploymentPostprocessing = 0;
		};
/* End PBXSourcesBuildPhase section */

/* Begin XCBuildConfiguration section */
		AF8ADFB221666DE300D959BF /* Debug */ = {
			isa = XCBuildConfiguration;
			buildSettings = {
				ALWAYS_SEARCH_USER_PATHS = NO;
				CLANG_ANALYZER_NONNULL = YES;
				CLANG_ANALYZER_NUMBER_OBJECT_CONVERSION = YES_AGGRESSIVE;
				CLANG_CXX_LANGUAGE_STANDARD = "gnu++14";
				CLANG_CXX_LIBRARY = "libc++";
				CLANG_ENABLE_MODULES = YES;
				CLANG_ENABLE_OBJC_ARC = YES;
				CLANG_ENABLE_OBJC_WEAK = YES;
				CLANG_WARN_BLOCK_CAPTURE_AUTORELEASING = YES;
				CLANG_WARN_BOOL_CONVERSION = YES;
				CLANG_WARN_COMMA = YES;
				CLANG_WARN_CONSTANT_CONVERSION = YES;
				CLANG_WARN_DEPRECATED_OBJC_IMPLEMENTATIONS = YES;
				CLANG_WARN_DIRECT_OBJC_ISA_USAGE = YES_ERROR;
				CLANG_WARN_DOCUMENTATION_COMMENTS = YES;
				CLANG_WARN_EMPTY_BODY = YES;
				CLANG_WARN_ENUM_CONVERSION = YES;
				CLANG_WARN_INFINITE_RECURSION = YES;
				CLANG_WARN_INT_CONVERSION = YES;
				CLANG_WARN_NON_LITERAL_NULL_CONVERSION = YES;
				CLANG_WARN_OBJC_IMPLICIT_RETAIN_SELF = YES;
				CLANG_WARN_OBJC_LITERAL_CONVERSION = YES;
				CLANG_WARN_OBJC_ROOT_CLASS = YES_ERROR;
				CLANG_WARN_RANGE_LOOP_ANALYSIS = YES;
				CLANG_WARN_STRICT_PROTOTYPES = YES;
				CLANG_WARN_SUSPICIOUS_MOVE = YES;
				CLANG_WARN_UNGUARDED_AVAILABILITY = YES_AGGRESSIVE;
				CLANG_WARN_UNREACHABLE_CODE = YES;
				CLANG_WARN__DUPLICATE_METHOD_MATCH = YES;
				CODE_SIGN_IDENTITY = "-";
				COPY_PHASE_STRIP = NO;
				DEBUG_INFORMATION_FORMAT = dwarf;
				ENABLE_STRICT_OBJC_MSGSEND = YES;
				ENABLE_TESTABILITY = YES;
				GCC_C_LANGUAGE_STANDARD = gnu11;
				GCC_DYNAMIC_NO_PIC = NO;
				GCC_NO_COMMON_BLOCKS = YES;
				GCC_OPTIMIZATION_LEVEL = 0;
				GCC_PREPROCESSOR_DEFINITIONS = (
					"DEBUG=1",
					"$(inherited)",
				);
				GCC_WARN_64_TO_32_BIT_CONVERSION = YES;
				GCC_WARN_ABOUT_RETURN_TYPE = YES_ERROR;
				GCC_WARN_UNDECLARED_SELECTOR = YES;
				GCC_WARN_UNINITIALIZED_AUTOS = YES_AGGRESSIVE;
				GCC_WARN_UNUSED_FUNCTION = YES;
				GCC_WARN_UNUSED_VARIABLE = YES;
				MACOSX_DEPLOYMENT_TARGET = 10.13;
				MTL_ENABLE_DEBUG_INFO = YES;
				ONLY_ACTIVE_ARCH = YES;
				SDKROOT = macosx;
			};
			name = Debug;
		};
		AF8ADFB321666DE300D959BF /* Release */ = {
			isa = XCBuildConfiguration;
			buildSettings = {
				ALWAYS_SEARCH_USER_PATHS = NO;
				CLANG_ANALYZER_NONNULL = YES;
				CLANG_ANALYZER_NUMBER_OBJECT_CONVERSION = YES_AGGRESSIVE;
				CLANG_CXX_LANGUAGE_STANDARD = "gnu++14";
				CLANG_CXX_LIBRARY = "libc++";
				CLANG_ENABLE_MODULES = YES;
				CLANG_ENABLE_OBJC_ARC = YES;
				CLANG_ENABLE_OBJC_WEAK = YES;
				CLANG_WARN_BLOCK_CAPTURE_AUTORELEASING = YES;
				CLANG_WARN_BOOL_CONVERSION = YES;
				CLANG_WARN_COMMA = YES;
				CLANG_WARN_CONSTANT_CONVERSION = YES;
				CLANG_WARN_DEPRECATED_OBJC_IMPLEMENTATIONS = YES;
				CLANG_WARN_DIRECT_OBJC_ISA_USAGE = YES_ERROR;
				CLANG_WARN_DOCUMENTATION_COMMENTS = YES;
				CLANG_WARN_EMPTY_BODY = YES;
				CLANG_WARN_ENUM_CONVERSION = YES;
				CLANG_WARN_INFINITE_RECURSION = YES;
				CLANG_WARN_INT_CONVERSION = YES;
				CLANG_WARN_NON_LITERAL_NULL_CONVERSION = YES;
				CLANG_WARN_OBJC_IMPLICIT_RETAIN_SELF = YES;
				CLANG_WARN_OBJC_LITERAL_CONVERSION = YES;
				CLANG_WARN_OBJC_ROOT_CLASS = YES_ERROR;
				CLANG_WARN_RANGE_LOOP_ANALYSIS = YES;
				CLANG_WARN_STRICT_PROTOTYPES = YES;
				CLANG_WARN_SUSPICIOUS_MOVE = YES;
				CLANG_WARN_UNGUARDED_AVAILABILITY = YES_AGGRESSIVE;
				CLANG_WARN_UNREACHABLE_CODE = YES;
				CLANG_WARN__DUPLICATE_METHOD_MATCH = YES;
				CODE_SIGN_IDENTITY = "-";
				COPY_PHASE_STRIP = NO;
				DEBUG_INFORMATION_FORMAT = "dwarf-with-dsym";
				ENABLE_NS_ASSERTIONS = NO;
				ENABLE_STRICT_OBJC_MSGSEND = YES;
				GCC_C_LANGUAGE_STANDARD = gnu11;
				GCC_NO_COMMON_BLOCKS = YES;
				GCC_WARN_64_TO_32_BIT_CONVERSION = YES;
				GCC_WARN_ABOUT_RETURN_TYPE = YES_ERROR;
				GCC_WARN_UNDECLARED_SELECTOR = YES;
				GCC_WARN_UNINITIALIZED_AUTOS = YES_AGGRESSIVE;
				GCC_WARN_UNUSED_FUNCTION = YES;
				GCC_WARN_UNUSED_VARIABLE = YES;
				MACOSX_DEPLOYMENT_TARGET = 10.13;
				MTL_ENABLE_DEBUG_INFO = NO;
				SDKROOT = macosx;
			};
			name = Release;
		};
		AF8ADFB521666DE300D959BF /* Debug */ = {
			isa = XCBuildConfiguration;
			buildSettings = {
				CODE_SIGN_STYLE = Automatic;
				PRODUCT_NAME = "$(TARGET_NAME)";
			};
			name = Debug;
		};
		AF8ADFB621666DE300D959BF /* Release */ = {
			isa = XCBuildConfiguration;
			buildSettings = {
				CODE_SIGN_STYLE = Automatic;
				PRODUCT_NAME = "$(TARGET_NAME)";
			};
			name = Release;
		};
/* End XCBuildConfiguration section */

/* Begin XCConfigurationList section */
		AF8ADFA821666DE200D959BF /* Build configuration list for PBXProject "smem" */ = {
			isa = XCConfigurationList;
			buildConfigurations = (
				AF8ADFB221666DE300D959BF /* Debug */,
				AF8ADFB321666DE300D959BF /* Release */,
			);
			defaultConfigurationIsVisible = 0;
			defaultConfigurationName = Release;
		};
		AF8ADFB421666DE300D959BF /* Build configuration list for PBXNativeTarget "smem" */ = {
			isa = XCConfigurationList;
			buildConfigurations = (
				AF8ADFB521666DE300D959BF /* Debug */,
				AF8ADFB621666DE300D959BF /* Release */,
			);
			defaultConfigurationIsVisible = 0;
			defaultConfigurationName = Release;
		};
/* End XCConfigurationList section */
	};
	rootObject = AF8ADFA521666DE200D959BF /* Project object */;
}
