// !$*UTF8*$!
{
	archiveVersion = 1;
	classes = {
	};
	objectVersion = 50;
	objects = {

/* Begin PBXBuildFile section */
		AF39864321F8CA03002C771A /* dictionary.cpp in Sources */ = {isa = PBXBuildFile; fileRef = AF39862C21F8CA01002C771A /* dictionary.cpp */; };
		AF39864521F8CA03002C771A /* frequency_data.cpp in Sources */ = {isa = PBXBuildFile; fileRef = AF39863021F8CA01002C771A /* frequency_data.cpp */; };
		AF39864621F8CA03002C771A /* main.cpp in Sources */ = {isa = PBXBuildFile; fileRef = AF39863121F8CA01002C771A /* main.cpp */; };
		AF39864721F8CA03002C771A /* collocation_compound.cpp in Sources */ = {isa = PBXBuildFile; fileRef = AF39863221F8CA01002C771A /* collocation_compound.cpp */; };
		AF39864821F8CA03002C771A /* RAT_solution_check.cpp in Sources */ = {isa = PBXBuildFile; fileRef = AF39863321F8CA01002C771A /* RAT_solution_check.cpp */; };
		AF39864921F8CA03002C771A /* read_data.cpp in Sources */ = {isa = PBXBuildFile; fileRef = AF39863421F8CA01002C771A /* read_data.cpp */; };
		AF39864A21F8CA03002C771A /* single_db.cpp in Sources */ = {isa = PBXBuildFile; fileRef = AF39863621F8CA02002C771A /* single_db.cpp */; };
		AF39864B21F8CA03002C771A /* filters.cpp in Sources */ = {isa = PBXBuildFile; fileRef = AF39863721F8CA02002C771A /* filters.cpp */; };
		AF39864C21F8CA03002C771A /* util.cpp in Sources */ = {isa = PBXBuildFile; fileRef = AF39863921F8CA02002C771A /* util.cpp */; };
		AF39864D21F8CA03002C771A /* correction.cpp in Sources */ = {isa = PBXBuildFile; fileRef = AF39863B21F8CA02002C771A /* correction.cpp */; };
		AF39864E21F8CA03002C771A /* double_db.cpp in Sources */ = {isa = PBXBuildFile; fileRef = AF39864221F8CA02002C771A /* double_db.cpp */; };
/* End PBXBuildFile section */

/* Begin PBXCopyFilesBuildPhase section */
		AF3985FD21F8C82E002C771A /* CopyFiles */ = {
			isa = PBXCopyFilesBuildPhase;
			buildActionMask = 2147483647;
			dstPath = /usr/share/man/man1/;
			dstSubfolderSpec = 0;
			files = (
			);
			runOnlyForDeploymentPostprocessing = 1;
		};
/* End PBXCopyFilesBuildPhase section */

/* Begin PBXFileReference section */
		AF39862A21F8C9F3002C771A /* smem_script */ = {isa = PBXFileReference; explicitFileType = "compiled.mach-o.executable"; includeInIndex = 0; name = smem_script; path = /Users/schatzju/Dropbox/soar/codeNames/RAT/rat_script/smem_script/build/Debug/smem_script; sourceTree = "<absolute>"; };
		AF39862B21F8CA01002C771A /* single_db.h */ = {isa = PBXFileReference; fileEncoding = 4; lastKnownFileType = sourcecode.c.h; name = single_db.h; path = smem_script/single_db.h; sourceTree = "<group>"; };
		AF39862C21F8CA01002C771A /* dictionary.cpp */ = {isa = PBXFileReference; fileEncoding = 4; lastKnownFileType = sourcecode.cpp.cpp; name = dictionary.cpp; path = smem_script/dictionary.cpp; sourceTree = "<group>"; };
		AF39862D21F8CA01002C771A /* frequency_data.hpp */ = {isa = PBXFileReference; fileEncoding = 4; lastKnownFileType = sourcecode.cpp.h; name = frequency_data.hpp; path = smem_script/frequency_data.hpp; sourceTree = "<group>"; };
		AF39862E21F8CA01002C771A /* collocation_compound.h */ = {isa = PBXFileReference; fileEncoding = 4; lastKnownFileType = sourcecode.c.h; name = collocation_compound.h; path = smem_script/collocation_compound.h; sourceTree = "<group>"; };
		AF39862F21F8CA01002C771A /* create_collocates_list.cpp */ = {isa = PBXFileReference; fileEncoding = 4; lastKnownFileType = sourcecode.cpp.cpp; name = create_collocates_list.cpp; path = smem_script/create_collocates_list.cpp; sourceTree = "<group>"; };
		AF39863021F8CA01002C771A /* frequency_data.cpp */ = {isa = PBXFileReference; fileEncoding = 4; lastKnownFileType = sourcecode.cpp.cpp; name = frequency_data.cpp; path = smem_script/frequency_data.cpp; sourceTree = "<group>"; };
		AF39863121F8CA01002C771A /* main.cpp */ = {isa = PBXFileReference; fileEncoding = 4; lastKnownFileType = sourcecode.cpp.cpp; name = main.cpp; path = smem_script/main.cpp; sourceTree = "<group>"; };
		AF39863221F8CA01002C771A /* collocation_compound.cpp */ = {isa = PBXFileReference; fileEncoding = 4; lastKnownFileType = sourcecode.cpp.cpp; name = collocation_compound.cpp; path = smem_script/collocation_compound.cpp; sourceTree = "<group>"; };
		AF39863321F8CA01002C771A /* RAT_solution_check.cpp */ = {isa = PBXFileReference; fileEncoding = 4; lastKnownFileType = sourcecode.cpp.cpp; name = RAT_solution_check.cpp; path = smem_script/RAT_solution_check.cpp; sourceTree = "<group>"; };
		AF39863421F8CA01002C771A /* read_data.cpp */ = {isa = PBXFileReference; fileEncoding = 4; lastKnownFileType = sourcecode.cpp.cpp; name = read_data.cpp; path = smem_script/read_data.cpp; sourceTree = "<group>"; };
		AF39863521F8CA01002C771A /* correction.h */ = {isa = PBXFileReference; fileEncoding = 4; lastKnownFileType = sourcecode.c.h; name = correction.h; path = smem_script/correction.h; sourceTree = "<group>"; };
		AF39863621F8CA02002C771A /* single_db.cpp */ = {isa = PBXFileReference; fileEncoding = 4; lastKnownFileType = sourcecode.cpp.cpp; name = single_db.cpp; path = smem_script/single_db.cpp; sourceTree = "<group>"; };
		AF39863721F8CA02002C771A /* filters.cpp */ = {isa = PBXFileReference; fileEncoding = 4; lastKnownFileType = sourcecode.cpp.cpp; name = filters.cpp; path = smem_script/filters.cpp; sourceTree = "<group>"; };
		AF39863821F8CA02002C771A /* util.h */ = {isa = PBXFileReference; fileEncoding = 4; lastKnownFileType = sourcecode.c.h; name = util.h; path = smem_script/util.h; sourceTree = "<group>"; };
		AF39863921F8CA02002C771A /* util.cpp */ = {isa = PBXFileReference; fileEncoding = 4; lastKnownFileType = sourcecode.cpp.cpp; name = util.cpp; path = smem_script/util.cpp; sourceTree = "<group>"; };
		AF39863A21F8CA02002C771A /* filters.h */ = {isa = PBXFileReference; fileEncoding = 4; lastKnownFileType = sourcecode.c.h; name = filters.h; path = smem_script/filters.h; sourceTree = "<group>"; };
		AF39863B21F8CA02002C771A /* correction.cpp */ = {isa = PBXFileReference; fileEncoding = 4; lastKnownFileType = sourcecode.cpp.cpp; name = correction.cpp; path = smem_script/correction.cpp; sourceTree = "<group>"; };
		AF39863C21F8CA02002C771A /* RAT_solution_check.h */ = {isa = PBXFileReference; fileEncoding = 4; lastKnownFileType = sourcecode.c.h; name = RAT_solution_check.h; path = smem_script/RAT_solution_check.h; sourceTree = "<group>"; };
		AF39863D21F8CA02002C771A /* read_data.h */ = {isa = PBXFileReference; fileEncoding = 4; lastKnownFileType = sourcecode.c.h; name = read_data.h; path = smem_script/read_data.h; sourceTree = "<group>"; };
		AF39863E21F8CA02002C771A /* README.md */ = {isa = PBXFileReference; fileEncoding = 4; lastKnownFileType = net.daringfireball.markdown; name = README.md; path = smem_script/README.md; sourceTree = "<group>"; };
		AF39863F21F8CA02002C771A /* double_db.h */ = {isa = PBXFileReference; fileEncoding = 4; lastKnownFileType = sourcecode.c.h; name = double_db.h; path = smem_script/double_db.h; sourceTree = "<group>"; };
		AF39864021F8CA02002C771A /* dictionary.h */ = {isa = PBXFileReference; fileEncoding = 4; lastKnownFileType = sourcecode.c.h; name = dictionary.h; path = smem_script/dictionary.h; sourceTree = "<group>"; };
		AF39864121F8CA02002C771A /* time.h */ = {isa = PBXFileReference; fileEncoding = 4; lastKnownFileType = sourcecode.c.h; name = time.h; path = smem_script/time.h; sourceTree = "<group>"; };
		AF39864221F8CA02002C771A /* double_db.cpp */ = {isa = PBXFileReference; fileEncoding = 4; lastKnownFileType = sourcecode.cpp.cpp; name = double_db.cpp; path = smem_script/double_db.cpp; sourceTree = "<group>"; };
/* End PBXFileReference section */

/* Begin PBXFrameworksBuildPhase section */
		AF3985FC21F8C82E002C771A /* Frameworks */ = {
			isa = PBXFrameworksBuildPhase;
			buildActionMask = 2147483647;
			files = (
			);
			runOnlyForDeploymentPostprocessing = 0;
		};
/* End PBXFrameworksBuildPhase section */

/* Begin PBXGroup section */
		AF3985F621F8C82E002C771A = {
			isa = PBXGroup;
			children = (
				AF39863221F8CA01002C771A /* collocation_compound.cpp */,
				AF39862E21F8CA01002C771A /* collocation_compound.h */,
				AF39863B21F8CA02002C771A /* correction.cpp */,
				AF39863521F8CA01002C771A /* correction.h */,
				AF39862F21F8CA01002C771A /* create_collocates_list.cpp */,
				AF39862C21F8CA01002C771A /* dictionary.cpp */,
				AF39864021F8CA02002C771A /* dictionary.h */,
				AF39864221F8CA02002C771A /* double_db.cpp */,
				AF39863F21F8CA02002C771A /* double_db.h */,
				AF39863721F8CA02002C771A /* filters.cpp */,
				AF39863A21F8CA02002C771A /* filters.h */,
				AF39863021F8CA01002C771A /* frequency_data.cpp */,
				AF39862D21F8CA01002C771A /* frequency_data.hpp */,
				AF39863121F8CA01002C771A /* main.cpp */,
				AF39863321F8CA01002C771A /* RAT_solution_check.cpp */,
				AF39863C21F8CA02002C771A /* RAT_solution_check.h */,
				AF39863421F8CA01002C771A /* read_data.cpp */,
				AF39863D21F8CA02002C771A /* read_data.h */,
				AF39863E21F8CA02002C771A /* README.md */,
				AF39863621F8CA02002C771A /* single_db.cpp */,
				AF39862B21F8CA01002C771A /* single_db.h */,
				AF39864121F8CA02002C771A /* time.h */,
				AF39863921F8CA02002C771A /* util.cpp */,
				AF39863821F8CA02002C771A /* util.h */,
			);
			sourceTree = "<group>";
		};
/* End PBXGroup section */

/* Begin PBXNativeTarget section */
		AF3985FE21F8C82E002C771A /* smem_script */ = {
			isa = PBXNativeTarget;
			buildConfigurationList = AF39860621F8C82E002C771A /* Build configuration list for PBXNativeTarget "smem_script" */;
			buildPhases = (
				AF3985FB21F8C82E002C771A /* Sources */,
				AF3985FC21F8C82E002C771A /* Frameworks */,
				AF3985FD21F8C82E002C771A /* CopyFiles */,
			);
			buildRules = (
			);
			dependencies = (
			);
			name = smem_script;
			productName = smem_script;
			productReference = AF39862A21F8C9F3002C771A /* smem_script */;
			productType = "com.apple.product-type.tool";
		};
/* End PBXNativeTarget section */

/* Begin PBXProject section */
		AF3985F721F8C82E002C771A /* Project object */ = {
			isa = PBXProject;
			attributes = {
				LastUpgradeCheck = 0940;
				ORGANIZATIONNAME = "Jule Schatz";
				TargetAttributes = {
					AF3985FE21F8C82E002C771A = {
						CreatedOnToolsVersion = 9.4.1;
					};
				};
			};
			buildConfigurationList = AF3985FA21F8C82E002C771A /* Build configuration list for PBXProject "smem_script" */;
			compatibilityVersion = "Xcode 9.3";
			developmentRegion = en;
			hasScannedForEncodings = 0;
			knownRegions = (
				en,
			);
			mainGroup = AF3985F621F8C82E002C771A;
			productRefGroup = AF3985F621F8C82E002C771A;
			projectDirPath = "";
			projectRoot = "";
			targets = (
				AF3985FE21F8C82E002C771A /* smem_script */,
			);
		};
/* End PBXProject section */

/* Begin PBXSourcesBuildPhase section */
		AF3985FB21F8C82E002C771A /* Sources */ = {
			isa = PBXSourcesBuildPhase;
			buildActionMask = 2147483647;
			files = (
				AF39864521F8CA03002C771A /* frequency_data.cpp in Sources */,
				AF39864D21F8CA03002C771A /* correction.cpp in Sources */,
				AF39864B21F8CA03002C771A /* filters.cpp in Sources */,
				AF39864C21F8CA03002C771A /* util.cpp in Sources */,
				AF39864621F8CA03002C771A /* main.cpp in Sources */,
				AF39864E21F8CA03002C771A /* double_db.cpp in Sources */,
				AF39864821F8CA03002C771A /* RAT_solution_check.cpp in Sources */,
				AF39864721F8CA03002C771A /* collocation_compound.cpp in Sources */,
				AF39864A21F8CA03002C771A /* single_db.cpp in Sources */,
				AF39864321F8CA03002C771A /* dictionary.cpp in Sources */,
				AF39864921F8CA03002C771A /* read_data.cpp in Sources */,
			);
			runOnlyForDeploymentPostprocessing = 0;
		};
/* End PBXSourcesBuildPhase section */

/* Begin XCBuildConfiguration section */
		AF39860421F8C82E002C771A /* Debug */ = {
			isa = XCBuildConfiguration;
			buildSettings = {
				ALWAYS_SEARCH_USER_PATHS = NO;
				CLANG_ANALYZER_NONNULL = YES;
				CLANG_ANALYZER_NUMBER_OBJECT_CONVERSION = YES_AGGRESSIVE;
				CLANG_CXX_LANGUAGE_STANDARD = "gnu++14";
				CLANG_CXX_LIBRARY = "libc++";
				CLANG_ENABLE_MODULES = YES;
				CLANG_ENABLE_OBJC_ARC = YES;
				CLANG_ENABLE_OBJC_WEAK = YES;
				CLANG_WARN_BLOCK_CAPTURE_AUTORELEASING = YES;
				CLANG_WARN_BOOL_CONVERSION = YES;
				CLANG_WARN_COMMA = YES;
				CLANG_WARN_CONSTANT_CONVERSION = YES;
				CLANG_WARN_DEPRECATED_OBJC_IMPLEMENTATIONS = YES;
				CLANG_WARN_DIRECT_OBJC_ISA_USAGE = YES_ERROR;
				CLANG_WARN_DOCUMENTATION_COMMENTS = YES;
				CLANG_WARN_EMPTY_BODY = YES;
				CLANG_WARN_ENUM_CONVERSION = YES;
				CLANG_WARN_INFINITE_RECURSION = YES;
				CLANG_WARN_INT_CONVERSION = YES;
				CLANG_WARN_NON_LITERAL_NULL_CONVERSION = YES;
				CLANG_WARN_OBJC_IMPLICIT_RETAIN_SELF = YES;
				CLANG_WARN_OBJC_LITERAL_CONVERSION = YES;
				CLANG_WARN_OBJC_ROOT_CLASS = YES_ERROR;
				CLANG_WARN_RANGE_LOOP_ANALYSIS = YES;
				CLANG_WARN_STRICT_PROTOTYPES = YES;
				CLANG_WARN_SUSPICIOUS_MOVE = YES;
				CLANG_WARN_UNGUARDED_AVAILABILITY = YES_AGGRESSIVE;
				CLANG_WARN_UNREACHABLE_CODE = YES;
				CLANG_WARN__DUPLICATE_METHOD_MATCH = YES;
				CODE_SIGN_IDENTITY = "-";
				COPY_PHASE_STRIP = NO;
				DEBUG_INFORMATION_FORMAT = dwarf;
				ENABLE_STRICT_OBJC_MSGSEND = YES;
				ENABLE_TESTABILITY = YES;
				GCC_C_LANGUAGE_STANDARD = gnu11;
				GCC_DYNAMIC_NO_PIC = NO;
				GCC_NO_COMMON_BLOCKS = YES;
				GCC_OPTIMIZATION_LEVEL = 0;
				GCC_PREPROCESSOR_DEFINITIONS = (
					"DEBUG=1",
					"$(inherited)",
				);
				GCC_WARN_64_TO_32_BIT_CONVERSION = YES;
				GCC_WARN_ABOUT_RETURN_TYPE = YES_ERROR;
				GCC_WARN_UNDECLARED_SELECTOR = YES;
				GCC_WARN_UNINITIALIZED_AUTOS = YES_AGGRESSIVE;
				GCC_WARN_UNUSED_FUNCTION = YES;
				GCC_WARN_UNUSED_VARIABLE = YES;
				MACOSX_DEPLOYMENT_TARGET = 10.13;
				MTL_ENABLE_DEBUG_INFO = YES;
				ONLY_ACTIVE_ARCH = YES;
				SDKROOT = macosx;
			};
			name = Debug;
		};
		AF39860521F8C82E002C771A /* Release */ = {
			isa = XCBuildConfiguration;
			buildSettings = {
				ALWAYS_SEARCH_USER_PATHS = NO;
				CLANG_ANALYZER_NONNULL = YES;
				CLANG_ANALYZER_NUMBER_OBJECT_CONVERSION = YES_AGGRESSIVE;
				CLANG_CXX_LANGUAGE_STANDARD = "gnu++14";
				CLANG_CXX_LIBRARY = "libc++";
				CLANG_ENABLE_MODULES = YES;
				CLANG_ENABLE_OBJC_ARC = YES;
				CLANG_ENABLE_OBJC_WEAK = YES;
				CLANG_WARN_BLOCK_CAPTURE_AUTORELEASING = YES;
				CLANG_WARN_BOOL_CONVERSION = YES;
				CLANG_WARN_COMMA = YES;
				CLANG_WARN_CONSTANT_CONVERSION = YES;
				CLANG_WARN_DEPRECATED_OBJC_IMPLEMENTATIONS = YES;
				CLANG_WARN_DIRECT_OBJC_ISA_USAGE = YES_ERROR;
				CLANG_WARN_DOCUMENTATION_COMMENTS = YES;
				CLANG_WARN_EMPTY_BODY = YES;
				CLANG_WARN_ENUM_CONVERSION = YES;
				CLANG_WARN_INFINITE_RECURSION = YES;
				CLANG_WARN_INT_CONVERSION = YES;
				CLANG_WARN_NON_LITERAL_NULL_CONVERSION = YES;
				CLANG_WARN_OBJC_IMPLICIT_RETAIN_SELF = YES;
				CLANG_WARN_OBJC_LITERAL_CONVERSION = YES;
				CLANG_WARN_OBJC_ROOT_CLASS = YES_ERROR;
				CLANG_WARN_RANGE_LOOP_ANALYSIS = YES;
				CLANG_WARN_STRICT_PROTOTYPES = YES;
				CLANG_WARN_SUSPICIOUS_MOVE = YES;
				CLANG_WARN_UNGUARDED_AVAILABILITY = YES_AGGRESSIVE;
				CLANG_WARN_UNREACHABLE_CODE = YES;
				CLANG_WARN__DUPLICATE_METHOD_MATCH = YES;
				CODE_SIGN_IDENTITY = "-";
				COPY_PHASE_STRIP = NO;
				DEBUG_INFORMATION_FORMAT = "dwarf-with-dsym";
				ENABLE_NS_ASSERTIONS = NO;
				ENABLE_STRICT_OBJC_MSGSEND = YES;
				GCC_C_LANGUAGE_STANDARD = gnu11;
				GCC_NO_COMMON_BLOCKS = YES;
				GCC_WARN_64_TO_32_BIT_CONVERSION = YES;
				GCC_WARN_ABOUT_RETURN_TYPE = YES_ERROR;
				GCC_WARN_UNDECLARED_SELECTOR = YES;
				GCC_WARN_UNINITIALIZED_AUTOS = YES_AGGRESSIVE;
				GCC_WARN_UNUSED_FUNCTION = YES;
				GCC_WARN_UNUSED_VARIABLE = YES;
				MACOSX_DEPLOYMENT_TARGET = 10.13;
				MTL_ENABLE_DEBUG_INFO = NO;
				SDKROOT = macosx;
			};
			name = Release;
		};
		AF39860721F8C82E002C771A /* Debug */ = {
			isa = XCBuildConfiguration;
			buildSettings = {
				CODE_SIGN_STYLE = Automatic;
				PRODUCT_NAME = "$(TARGET_NAME)";
			};
			name = Debug;
		};
		AF39860821F8C82E002C771A /* Release */ = {
			isa = XCBuildConfiguration;
			buildSettings = {
				CODE_SIGN_STYLE = Automatic;
				PRODUCT_NAME = "$(TARGET_NAME)";
			};
			name = Release;
		};
/* End XCBuildConfiguration section */

/* Begin XCConfigurationList section */
		AF3985FA21F8C82E002C771A /* Build configuration list for PBXProject "smem_script" */ = {
			isa = XCConfigurationList;
			buildConfigurations = (
				AF39860421F8C82E002C771A /* Debug */,
				AF39860521F8C82E002C771A /* Release */,
			);
			defaultConfigurationIsVisible = 0;
			defaultConfigurationName = Release;
		};
		AF39860621F8C82E002C771A /* Build configuration list for PBXNativeTarget "smem_script" */ = {
			isa = XCConfigurationList;
			buildConfigurations = (
				AF39860721F8C82E002C771A /* Debug */,
				AF39860821F8C82E002C771A /* Release */,
			);
			defaultConfigurationIsVisible = 0;
			defaultConfigurationName = Release;
		};
/* End XCConfigurationList section */
	};
	rootObject = AF3985F721F8C82E002C771A /* Project object */;
}
